
Microsoft Visual Studio Solution File, Format Version 12.00
# Visual Studio Version 16
VisualStudioVersion = 16.0.30907.101
MinimumVisualStudioVersion = 10.0.40219.1
Project("{8BC9CEB8-8B4A-11D0-8D11-00A0C91BC942}") = "vfs", "vfs.vcxproj", "{493D16F6-8A85-458B-9EA0-49520EE8A6DD}"
EndProject
Project("{8BC9CEB8-8B4A-11D0-8D11-00A0C91BC942}") = "vfs-tests", "vfs-tests.vcxproj", "{EE5E2151-7B06-4638-8AE1-5FC5E259DF3A}"
EndProject
Global
	GlobalSection(SolutionConfigurationPlatforms) = preSolution
		Debug|ARM = Debug|ARM
		Debug|x64 = Debug|x64
		Debug|x86 = Debug|x86
		Release|ARM = Release|ARM
		Release|x64 = Release|x64
		Release|x86 = Release|x86
	EndGlobalSection
	GlobalSection(ProjectConfigurationPlatforms) = postSolution
		{493D16F6-8A85-458B-9EA0-49520EE8A6DD}.Debug|ARM.ActiveCfg = Debug|x64
		{493D16F6-8A85-458B-9EA0-49520EE8A6DD}.Debug|x64.ActiveCfg = Debug|x64
		{493D16F6-8A85-458B-9EA0-49520EE8A6DD}.Debug|x64.Build.0 = Debug|x64
		{493D16F6-8A85-458B-9EA0-49520EE8A6DD}.Debug|x86.ActiveCfg = Debug|x64
		{493D16F6-8A85-458B-9EA0-49520EE8A6DD}.Release|ARM.ActiveCfg = Release|x64
		{493D16F6-8A85-458B-9EA0-49520EE8A6DD}.Release|x64.ActiveCfg = Release|x64
		{493D16F6-8A85-458B-9EA0-49520EE8A6DD}.Release|x64.Build.0 = Release|x64
		{493D16F6-8A85-458B-9EA0-49520EE8A6DD}.Release|x86.ActiveCfg = Release|x64
		{EE5E2151-7B06-4638-8AE1-5FC5E259DF3A}.Debug|ARM.ActiveCfg = Debug|x64
		{EE5E2151-7B06-4638-8AE1-5FC5E259DF3A}.Debug|x64.ActiveCfg = Debug|x64
		{EE5E2151-7B06-4638-8AE1-5FC5E259DF3A}.Debug|x64.Build.0 = Debug|x64
		{EE5E2151-7B06-4638-8AE1-5FC5E259DF3A}.Debug|x86.ActiveCfg = Debug|x64
		{EE5E2151-7B06-4638-8AE1-5FC5E259DF3A}.Release|ARM.ActiveCfg = Release|x64
		{EE5E2151-7B06-4638-8AE1-5FC5E259DF3A}.Release|x64.ActiveCfg = Release|x64
		{EE5E2151-7B06-4638-8AE1-5FC5E259DF3A}.Release|x64.Build.0 = Release|x64
		{EE5E2151-7B06-4638-8AE1-5FC5E259DF3A}.Release|x86.ActiveCfg = Release|x64
	EndGlobalSection
	GlobalSection(SolutionProperties) = preSolution
		HideSolutionNode = FALSE
	EndGlobalSection
	GlobalSection(ExtensibilityGlobals) = postSolution
		SolutionGuid = {A11398D0-64C5-4749-A119-C6B6CF756CA9}
	EndGlobalSection
EndGlobal
